PODS:
  - CalculateCalendarLogic (0.3.0)
  - FSCalendar (2.8.1)
  - Realm (3.20.0):
    - Realm/Headers (= 3.20.0)
  - Realm/Headers (3.20.0)
  - RealmSwift (3.20.0):
    - Realm (= 3.20.0)

DEPENDENCIES:
  - CalculateCalendarLogic
  - FSCalendar
  - RealmSwift (= 3.20.0)

SPEC REPOS:
  trunk:
    - CalculateCalendarLogic
    - FSCalendar
    - Realm
    - RealmSwift

SPEC CHECKSUMS:
  CalculateCalendarLogic: cd5b2c706a8628bb924c5ee9d05c4f61bdbaf390
  FSCalendar: 5245140456fcbcac5824c203b98bd8068bdfee1a
  Realm: 8b2ca5bc6479a91f379b6b42b5922e396cd5ba5a
  RealmSwift: 1949ef26a279e1845bd51d591b9103adfcd121df

PODFILE CHECKSUM: bfc41dacd862970ca52525ab4052370530dd22b2

COCOAPODS: 1.9.3
