// !$*UTF8*$!
{
	archiveVersion = 1;
	classes = {
	};
	objectVersion = 51;
	objects = {

/* Begin PBXBuildFile section */
		2C0B612224A56A150005AF60 /* OneViewController.swift in Sources */ = {isa = PBXBuildFile; fileRef = 2C0B612124A56A150005AF60 /* OneViewController.swift */; };
		2C0B612424A578A00005AF60 /* dayViewController.swift in Sources */ = {isa = PBXBuildFile; fileRef = 2C0B612324A578A00005AF60 /* dayViewController.swift */; };
		2C0B612624A57ED30005AF60 /* dataViewController.swift in Sources */ = {isa = PBXBuildFile; fileRef = 2C0B612524A57ED30005AF60 /* dataViewController.swift */; };
		2C0B612824A57F760005AF60 /* playViewController.swift in Sources */ = {isa = PBXBuildFile; fileRef = 2C0B612724A57F760005AF60 /* playViewController.swift */; };
		2C117A7E24C8A700006540B6 /* TableViewCell.swift in Sources */ = {isa = PBXBuildFile; fileRef = 2C117A7D24C8A700006540B6 /* TableViewCell.swift */; };
		2C1FC8C324A5D9C600285ECC /* MicViewController.swift in Sources */ = {isa = PBXBuildFile; fileRef = 2C1FC8C224A5D9C600285ECC /* MicViewController.swift */; };
		2C1FC8C524A5D9DE00285ECC /* CameraViewController.swift in Sources */ = {isa = PBXBuildFile; fileRef = 2C1FC8C424A5D9DE00285ECC /* CameraViewController.swift */; };
		2C1FC8C924A5E60700285ECC /* TabBarContoller.swift in Sources */ = {isa = PBXBuildFile; fileRef = 2C1FC8C824A5E60700285ECC /* TabBarContoller.swift */; };
		2C1FC8CD24A5F91900285ECC /* CarenViewController.swift in Sources */ = {isa = PBXBuildFile; fileRef = 2C1FC8CC24A5F91900285ECC /* CarenViewController.swift */; };
		2C6A5989249D83FE00B206C7 /* AppDelegate.swift in Sources */ = {isa = PBXBuildFile; fileRef = 2C6A5988249D83FE00B206C7 /* AppDelegate.swift */; };
		2C6A598B249D83FE00B206C7 /* SceneDelegate.swift in Sources */ = {isa = PBXBuildFile; fileRef = 2C6A598A249D83FE00B206C7 /* SceneDelegate.swift */; };
		2C6A598D249D83FE00B206C7 /* ViewController.swift in Sources */ = {isa = PBXBuildFile; fileRef = 2C6A598C249D83FE00B206C7 /* ViewController.swift */; };
		2C6A5990249D83FE00B206C7 /* Main.storyboard in Resources */ = {isa = PBXBuildFile; fileRef = 2C6A598E249D83FE00B206C7 /* Main.storyboard */; };
		2C6A5992249D83FF00B206C7 /* Assets.xcassets in Resources */ = {isa = PBXBuildFile; fileRef = 2C6A5991249D83FF00B206C7 /* Assets.xcassets */; };
		2C6A5995249D83FF00B206C7 /* LaunchScreen.storyboard in Resources */ = {isa = PBXBuildFile; fileRef = 2C6A5993249D83FF00B206C7 /* LaunchScreen.storyboard */; };
		2C74104424A55ABB000CA5A8 /* Task.swift in Sources */ = {isa = PBXBuildFile; fileRef = 2C74104324A55ABB000CA5A8 /* Task.swift */; };
		2C76779524C982D5001DFEE6 /* PostTableViewCell.swift in Sources */ = {isa = PBXBuildFile; fileRef = 2C76779324C982D5001DFEE6 /* PostTableViewCell.swift */; };
		2C76779624C982D5001DFEE6 /* PostTableViewCell.xib in Resources */ = {isa = PBXBuildFile; fileRef = 2C76779424C982D5001DFEE6 /* PostTableViewCell.xib */; };
		2CFA179D24C1CED4000E306F /* testView.xib in Resources */ = {isa = PBXBuildFile; fileRef = 2CFA179C24C1CED4000E306F /* testView.xib */; };
		8DBA89A1FE083B032EAE619B /* Pods_Calen.framework in Frameworks */ = {isa = PBXBuildFile; fileRef = FAD6742755E1573CCEA5ACE9 /* Pods_Calen.framework */; };
/* End PBXBuildFile section */

/* Begin PBXFileReference section */
		2645751455222C4C78D72167 /* Pods-Calen.release.xcconfig */ = {isa = PBXFileReference; includeInIndex = 1; lastKnownFileType = text.xcconfig; name = "Pods-Calen.release.xcconfig"; path = "Target Support Files/Pods-Calen/Pods-Calen.release.xcconfig"; sourceTree = "<group>"; };
		2C0B612124A56A150005AF60 /* OneViewController.swift */ = {isa = PBXFileReference; lastKnownFileType = sourcecode.swift; path = OneViewController.swift; sourceTree = "<group>"; };
		2C0B612324A578A00005AF60 /* dayViewController.swift */ = {isa = PBXFileReference; lastKnownFileType = sourcecode.swift; path = dayViewController.swift; sourceTree = "<group>"; };
		2C0B612524A57ED30005AF60 /* dataViewController.swift */ = {isa = PBXFileReference; lastKnownFileType = sourcecode.swift; path = dataViewController.swift; sourceTree = "<group>"; };
		2C0B612724A57F760005AF60 /* playViewController.swift */ = {isa = PBXFileReference; lastKnownFileType = sourcecode.swift; path = playViewController.swift; sourceTree = "<group>"; };
		2C117A7D24C8A700006540B6 /* TableViewCell.swift */ = {isa = PBXFileReference; lastKnownFileType = sourcecode.swift; path = TableViewCell.swift; sourceTree = "<group>"; };
		2C1FC8C224A5D9C600285ECC /* MicViewController.swift */ = {isa = PBXFileReference; lastKnownFileType = sourcecode.swift; path = MicViewController.swift; sourceTree = "<group>"; };
		2C1FC8C424A5D9DE00285ECC /* CameraViewController.swift */ = {isa = PBXFileReference; lastKnownFileType = sourcecode.swift; path = CameraViewController.swift; sourceTree = "<group>"; };
		2C1FC8C824A5E60700285ECC /* TabBarContoller.swift */ = {isa = PBXFileReference; lastKnownFileType = sourcecode.swift; path = TabBarContoller.swift; sourceTree = "<group>"; };
		2C1FC8CC24A5F91900285ECC /* CarenViewController.swift */ = {isa = PBXFileReference; lastKnownFileType = sourcecode.swift; path = CarenViewController.swift; sourceTree = "<group>"; };
		2C6A5985249D83FE00B206C7 /* Calen.app */ = {isa = PBXFileReference; explicitFileType = wrapper.application; includeInIndex = 0; path = Calen.app; sourceTree = BUILT_PRODUCTS_DIR; };
		2C6A5988249D83FE00B206C7 /* AppDelegate.swift */ = {isa = PBXFileReference; lastKnownFileType = sourcecode.swift; path = AppDelegate.swift; sourceTree = "<group>"; };
		2C6A598A249D83FE00B206C7 /* SceneDelegate.swift */ = {isa = PBXFileReference; lastKnownFileType = sourcecode.swift; path = SceneDelegate.swift; sourceTree = "<group>"; };
		2C6A598C249D83FE00B206C7 /* ViewController.swift */ = {isa = PBXFileReference; lastKnownFileType = sourcecode.swift; path = ViewController.swift; sourceTree = "<group>"; };
		2C6A598F249D83FE00B206C7 /* Base */ = {isa = PBXFileReference; lastKnownFileType = file.storyboard; name = Base; path = Base.lproj/Main.storyboard; sourceTree = "<group>"; };
		2C6A5991249D83FF00B206C7 /* Assets.xcassets */ = {isa = PBXFileReference; lastKnownFileType = folder.assetcatalog; path = Assets.xcassets; sourceTree = "<group>"; };
		2C6A5994249D83FF00B206C7 /* Base */ = {isa = PBXFileReference; lastKnownFileType = file.storyboard; name = Base; path = Base.lproj/LaunchScreen.storyboard; sourceTree = "<group>"; };
		2C6A5996249D83FF00B206C7 /* Info.plist */ = {isa = PBXFileReference; lastKnownFileType = text.plist.xml; path = Info.plist; sourceTree = "<group>"; };
		2C74104324A55ABB000CA5A8 /* Task.swift */ = {isa = PBXFileReference; lastKnownFileType = sourcecode.swift; path = Task.swift; sourceTree = "<group>"; };
		2C76779324C982D5001DFEE6 /* PostTableViewCell.swift */ = {isa = PBXFileReference; lastKnownFileType = sourcecode.swift; path = PostTableViewCell.swift; sourceTree = "<group>"; };
		2C76779424C982D5001DFEE6 /* PostTableViewCell.xib */ = {isa = PBXFileReference; lastKnownFileType = file.xib; path = PostTableViewCell.xib; sourceTree = "<group>"; };
		2CFA179C24C1CED4000E306F /* testView.xib */ = {isa = PBXFileReference; lastKnownFileType = file.xib; path = testView.xib; sourceTree = "<group>"; };
		461F725C2CA55AA974B6848B /* Pods-Calen.debug.xcconfig */ = {isa = PBXFileReference; includeInIndex = 1; lastKnownFileType = text.xcconfig; name = "Pods-Calen.debug.xcconfig"; path = "Target Support Files/Pods-Calen/Pods-Calen.debug.xcconfig"; sourceTree = "<group>"; };
		FAD6742755E1573CCEA5ACE9 /* Pods_Calen.framework */ = {isa = PBXFileReference; explicitFileType = wrapper.framework; includeInIndex = 0; path = Pods_Calen.framework; sourceTree = BUILT_PRODUCTS_DIR; };
/* End PBXFileReference section */

/* Begin PBXFrameworksBuildPhase section */
		2C6A5982249D83FE00B206C7 /* Frameworks */ = {
			isa = PBXFrameworksBuildPhase;
			buildActionMask = 2147483647;
			files = (
				8DBA89A1FE083B032EAE619B /* Pods_Calen.framework in Frameworks */,
			);
			runOnlyForDeploymentPostprocessing = 0;
		};
/* End PBXFrameworksBuildPhase section */

/* Begin PBXGroup section */
		2C6A597C249D83FE00B206C7 = {
			isa = PBXGroup;
			children = (
				2C74104324A55ABB000CA5A8 /* Task.swift */,
				2C6A5987249D83FE00B206C7 /* Calen */,
				2C6A5986249D83FE00B206C7 /* Products */,
				4F361AC0E3C87782AD2232F7 /* Pods */,
				9454270E9DB96E21B34574C7 /* Frameworks */,
			);
			sourceTree = "<group>";
		};
		2C6A5986249D83FE00B206C7 /* Products */ = {
			isa = PBXGroup;
			children = (
				2C6A5985249D83FE00B206C7 /* Calen.app */,
			);
			name = Products;
			sourceTree = "<group>";
		};
		2C6A5987249D83FE00B206C7 /* Calen */ = {
			isa = PBXGroup;
			children = (
				2C6A5988249D83FE00B206C7 /* AppDelegate.swift */,
				2C1FC8C824A5E60700285ECC /* TabBarContoller.swift */,
				2C1FC8CC24A5F91900285ECC /* CarenViewController.swift */,
				2C6A598A249D83FE00B206C7 /* SceneDelegate.swift */,
				2C6A598C249D83FE00B206C7 /* ViewController.swift */,
				2C1FC8C224A5D9C600285ECC /* MicViewController.swift */,
				2C1FC8C424A5D9DE00285ECC /* CameraViewController.swift */,
				2C0B612724A57F760005AF60 /* playViewController.swift */,
				2C0B612324A578A00005AF60 /* dayViewController.swift */,
				2C0B612124A56A150005AF60 /* OneViewController.swift */,
				2C6A598E249D83FE00B206C7 /* Main.storyboard */,
				2C117A7D24C8A700006540B6 /* TableViewCell.swift */,
				2CFA179C24C1CED4000E306F /* testView.xib */,
				2C6A5991249D83FF00B206C7 /* Assets.xcassets */,
				2C6A5993249D83FF00B206C7 /* LaunchScreen.storyboard */,
				2C6A5996249D83FF00B206C7 /* Info.plist */,
				2C0B612524A57ED30005AF60 /* dataViewController.swift */,
				2C76779324C982D5001DFEE6 /* PostTableViewCell.swift */,
				2C76779424C982D5001DFEE6 /* PostTableViewCell.xib */,
			);
			path = Calen;
			sourceTree = "<group>";
		};
		4F361AC0E3C87782AD2232F7 /* Pods */ = {
			isa = PBXGroup;
			children = (
				461F725C2CA55AA974B6848B /* Pods-Calen.debug.xcconfig */,
				2645751455222C4C78D72167 /* Pods-Calen.release.xcconfig */,
			);
			path = Pods;
			sourceTree = "<group>";
		};
		9454270E9DB96E21B34574C7 /* Frameworks */ = {
			isa = PBXGroup;
			children = (
				FAD6742755E1573CCEA5ACE9 /* Pods_Calen.framework */,
			);
			name = Frameworks;
			sourceTree = "<group>";
		};
/* End PBXGroup section */

/* Begin PBXNativeTarget section */
		2C6A5984249D83FE00B206C7 /* Calen */ = {
			isa = PBXNativeTarget;
			buildConfigurationList = 2C6A5999249D83FF00B206C7 /* Build configuration list for PBXNativeTarget "Calen" */;
			buildPhases = (
				2DC82997F5A548F09F4FFACF /* [CP] Check Pods Manifest.lock */,
				2C6A5981249D83FE00B206C7 /* Sources */,
				2C6A5982249D83FE00B206C7 /* Frameworks */,
				2C6A5983249D83FE00B206C7 /* Resources */,
				CB369A60ED265B3B7D8AC32A /* [CP] Embed Pods Frameworks */,
			);
			buildRules = (
			);
			dependencies = (
			);
			name = Calen;
			productName = Caren;
			productReference = 2C6A5985249D83FE00B206C7 /* Calen.app */;
			productType = "com.apple.product-type.application";
		};
/* End PBXNativeTarget section */

/* Begin PBXProject section */
		2C6A597D249D83FE00B206C7 /* Project object */ = {
			isa = PBXProject;
			attributes = {
				LastSwiftUpdateCheck = 1110;
				LastUpgradeCheck = 1110;
				ORGANIZATIONNAME = tomohiro.suda;
				TargetAttributes = {
					2C6A5984249D83FE00B206C7 = {
						CreatedOnToolsVersion = 11.1;
					};
				};
			};
			buildConfigurationList = 2C6A5980249D83FE00B206C7 /* Build configuration list for PBXProject "Calen" */;
			compatibilityVersion = "Xcode 9.3";
			developmentRegion = en;
			hasScannedForEncodings = 0;
			knownRegions = (
				en,
				Base,
			);
			mainGroup = 2C6A597C249D83FE00B206C7;
			productRefGroup = 2C6A5986249D83FE00B206C7 /* Products */;
			projectDirPath = "";
			projectRoot = "";
			targets = (
				2C6A5984249D83FE00B206C7 /* Calen */,
			);
		};
/* End PBXProject section */

/* Begin PBXResourcesBuildPhase section */
		2C6A5983249D83FE00B206C7 /* Resources */ = {
			isa = PBXResourcesBuildPhase;
			buildActionMask = 2147483647;
			files = (
				2CFA179D24C1CED4000E306F /* testView.xib in Resources */,
				2C76779624C982D5001DFEE6 /* PostTableViewCell.xib in Resources */,
				2C6A5995249D83FF00B206C7 /* LaunchScreen.storyboard in Resources */,
				2C6A5992249D83FF00B206C7 /* Assets.xcassets in Resources */,
				2C6A5990249D83FE00B206C7 /* Main.storyboard in Resources */,
			);
			runOnlyForDeploymentPostprocessing = 0;
		};
/* End PBXResourcesBuildPhase section */

/* Begin PBXShellScriptBuildPhase section */
		2DC82997F5A548F09F4FFACF /* [CP] Check Pods Manifest.lock */ = {
			isa = PBXShellScriptBuildPhase;
			buildActionMask = 2147483647;
			files = (
			);
			inputFileListPaths = (
			);
			inputPaths = (
				"${PODS_PODFILE_DIR_PATH}/Podfile.lock",
				"${PODS_ROOT}/Manifest.lock",
			);
			name = "[CP] Check Pods Manifest.lock";
			outputFileListPaths = (
			);
			outputPaths = (
				"$(DERIVED_FILE_DIR)/Pods-Calen-checkManifestLockResult.txt",
			);
			runOnlyForDeploymentPostprocessing = 0;
			shellPath = /bin/sh;
			shellScript = "diff \"${PODS_PODFILE_DIR_PATH}/Podfile.lock\" \"${PODS_ROOT}/Manifest.lock\" > /dev/null\nif [ $? != 0 ] ; then\n    # print error to STDERR\n    echo \"error: The sandbox is not in sync with the Podfile.lock. Run 'pod install' or update your CocoaPods installation.\" >&2\n    exit 1\nfi\n# This output is used by Xcode 'outputs' to avoid re-running this script phase.\necho \"SUCCESS\" > \"${SCRIPT_OUTPUT_FILE_0}\"\n";
			showEnvVarsInLog = 0;
		};
		CB369A60ED265B3B7D8AC32A /* [CP] Embed Pods Frameworks */ = {
			isa = PBXShellScriptBuildPhase;
			buildActionMask = 2147483647;
			files = (
			);
			inputFileListPaths = (
				"${PODS_ROOT}/Target Support Files/Pods-Calen/Pods-Calen-frameworks-${CONFIGURATION}-input-files.xcfilelist",
			);
			name = "[CP] Embed Pods Frameworks";
			outputFileListPaths = (
				"${PODS_ROOT}/Target Support Files/Pods-Calen/Pods-Calen-frameworks-${CONFIGURATION}-output-files.xcfilelist",
			);
			runOnlyForDeploymentPostprocessing = 0;
			shellPath = /bin/sh;
			shellScript = "\"${PODS_ROOT}/Target Support Files/Pods-Calen/Pods-Calen-frameworks.sh\"\n";
			showEnvVarsInLog = 0;
		};
/* End PBXShellScriptBuildPhase section */

/* Begin PBXSourcesBuildPhase section */
		2C6A5981249D83FE00B206C7 /* Sources */ = {
			isa = PBXSourcesBuildPhase;
			buildActionMask = 2147483647;
			files = (
				2C117A7E24C8A700006540B6 /* TableViewCell.swift in Sources */,
				2C0B612824A57F760005AF60 /* playViewController.swift in Sources */,
				2C1FC8C524A5D9DE00285ECC /* CameraViewController.swift in Sources */,
				2C74104424A55ABB000CA5A8 /* Task.swift in Sources */,
				2C0B612424A578A00005AF60 /* dayViewController.swift in Sources */,
				2C0B612224A56A150005AF60 /* OneViewController.swift in Sources */,
				2C0B612624A57ED30005AF60 /* dataViewController.swift in Sources */,
				2C76779524C982D5001DFEE6 /* PostTableViewCell.swift in Sources */,
				2C6A598D249D83FE00B206C7 /* ViewController.swift in Sources */,
				2C6A5989249D83FE00B206C7 /* AppDelegate.swift in Sources */,
				2C1FC8CD24A5F91900285ECC /* CarenViewController.swift in Sources */,
				2C1FC8C924A5E60700285ECC /* TabBarContoller.swift in Sources */,
				2C6A598B249D83FE00B206C7 /* SceneDelegate.swift in Sources */,
				2C1FC8C324A5D9C600285ECC /* MicViewController.swift in Sources */,
			);
			runOnlyForDeploymentPostprocessing = 0;
		};
/* End PBXSourcesBuildPhase section */

/* Begin PBXVariantGroup section */
		2C6A598E249D83FE00B206C7 /* Main.storyboard */ = {
			isa = PBXVariantGroup;
			children = (
				2C6A598F249D83FE00B206C7 /* Base */,
			);
			name = Main.storyboard;
			sourceTree = "<group>";
		};
		2C6A5993249D83FF00B206C7 /* LaunchScreen.storyboard */ = {
			isa = PBXVariantGroup;
			children = (
				2C6A5994249D83FF00B206C7 /* Base */,
			);
			name = LaunchScreen.storyboard;
			sourceTree = "<group>";
		};
/* End PBXVariantGroup section */

/* Begin XCBuildConfiguration section */
		2C6A5997249D83FF00B206C7 /* Debug */ = {
			isa = XCBuildConfiguration;
			buildSettings = {
				ALWAYS_SEARCH_USER_PATHS = NO;
				CLANG_ANALYZER_NONNULL = YES;
				CLANG_ANALYZER_NUMBER_OBJECT_CONVERSION = YES_AGGRESSIVE;
				CLANG_CXX_LANGUAGE_STANDARD = "gnu++14";
				CLANG_CXX_LIBRARY = "libc++";
				CLANG_ENABLE_MODULES = YES;
				CLANG_ENABLE_OBJC_ARC = YES;
				CLANG_ENABLE_OBJC_WEAK = YES;
				CLANG_WARN_BLOCK_CAPTURE_AUTORELEASING = YES;
				CLANG_WARN_BOOL_CONVERSION = YES;
				CLANG_WARN_COMMA = YES;
				CLANG_WARN_CONSTANT_CONVERSION = YES;
				CLANG_WARN_DEPRECATED_OBJC_IMPLEMENTATIONS = YES;
				CLANG_WARN_DIRECT_OBJC_ISA_USAGE = YES_ERROR;
				CLANG_WARN_DOCUMENTATION_COMMENTS = YES;
				CLANG_WARN_EMPTY_BODY = YES;
				CLANG_WARN_ENUM_CONVERSION = YES;
				CLANG_WARN_INFINITE_RECURSION = YES;
				CLANG_WARN_INT_CONVERSION = YES;
				CLANG_WARN_NON_LITERAL_NULL_CONVERSION = YES;
				CLANG_WARN_OBJC_IMPLICIT_RETAIN_SELF = YES;
				CLANG_WARN_OBJC_LITERAL_CONVERSION = YES;
				CLANG_WARN_OBJC_ROOT_CLASS = YES_ERROR;
				CLANG_WARN_RANGE_LOOP_ANALYSIS = YES;
				CLANG_WARN_STRICT_PROTOTYPES = YES;
				CLANG_WARN_SUSPICIOUS_MOVE = YES;
				CLANG_WARN_UNGUARDED_AVAILABILITY = YES_AGGRESSIVE;
				CLANG_WARN_UNREACHABLE_CODE = YES;
				CLANG_WARN__DUPLICATE_METHOD_MATCH = YES;
				COPY_PHASE_STRIP = NO;
				DEBUG_INFORMATION_FORMAT = dwarf;
				ENABLE_STRICT_OBJC_MSGSEND = YES;
				ENABLE_TESTABILITY = YES;
				GCC_C_LANGUAGE_STANDARD = gnu11;
				GCC_DYNAMIC_NO_PIC = NO;
				GCC_NO_COMMON_BLOCKS = YES;
				GCC_OPTIMIZATION_LEVEL = 0;
				GCC_PREPROCESSOR_DEFINITIONS = (
					"DEBUG=1",
					"$(inherited)",
				);
				GCC_WARN_64_TO_32_BIT_CONVERSION = YES;
				GCC_WARN_ABOUT_RETURN_TYPE = YES_ERROR;
				GCC_WARN_UNDECLARED_SELECTOR = YES;
				GCC_WARN_UNINITIALIZED_AUTOS = YES_AGGRESSIVE;
				GCC_WARN_UNUSED_FUNCTION = YES;
				GCC_WARN_UNUSED_VARIABLE = YES;
				IPHONEOS_DEPLOYMENT_TARGET = 13.1;
				MTL_ENABLE_DEBUG_INFO = INCLUDE_SOURCE;
				MTL_FAST_MATH = YES;
				ONLY_ACTIVE_ARCH = YES;
				SDKROOT = iphoneos;
				SWIFT_ACTIVE_COMPILATION_CONDITIONS = DEBUG;
				SWIFT_OPTIMIZATION_LEVEL = "-Onone";
			};
			name = Debug;
		};
		2C6A5998249D83FF00B206C7 /* Release */ = {
			isa = XCBuildConfiguration;
			buildSettings = {
				ALWAYS_SEARCH_USER_PATHS = NO;
				CLANG_ANALYZER_NONNULL = YES;
				CLANG_ANALYZER_NUMBER_OBJECT_CONVERSION = YES_AGGRESSIVE;
				CLANG_CXX_LANGUAGE_STANDARD = "gnu++14";
				CLANG_CXX_LIBRARY = "libc++";
				CLANG_ENABLE_MODULES = YES;
				CLANG_ENABLE_OBJC_ARC = YES;
				CLANG_ENABLE_OBJC_WEAK = YES;
				CLANG_WARN_BLOCK_CAPTURE_AUTORELEASING = YES;
				CLANG_WARN_BOOL_CONVERSION = YES;
				CLANG_WARN_COMMA = YES;
				CLANG_WARN_CONSTANT_CONVERSION = YES;
				CLANG_WARN_DEPRECATED_OBJC_IMPLEMENTATIONS = YES;
				CLANG_WARN_DIRECT_OBJC_ISA_USAGE = YES_ERROR;
				CLANG_WARN_DOCUMENTATION_COMMENTS = YES;
				CLANG_WARN_EMPTY_BODY = YES;
				CLANG_WARN_ENUM_CONVERSION = YES;
				CLANG_WARN_INFINITE_RECURSION = YES;
				CLANG_WARN_INT_CONVERSION = YES;
				CLANG_WARN_NON_LITERAL_NULL_CONVERSION = YES;
				CLANG_WARN_OBJC_IMPLICIT_RETAIN_SELF = YES;
				CLANG_WARN_OBJC_LITERAL_CONVERSION = YES;
				CLANG_WARN_OBJC_ROOT_CLASS = YES_ERROR;
				CLANG_WARN_RANGE_LOOP_ANALYSIS = YES;
				CLANG_WARN_STRICT_PROTOTYPES = YES;
				CLANG_WARN_SUSPICIOUS_MOVE = YES;
				CLANG_WARN_UNGUARDED_AVAILABILITY = YES_AGGRESSIVE;
				CLANG_WARN_UNREACHABLE_CODE = YES;
				CLANG_WARN__DUPLICATE_METHOD_MATCH = YES;
				COPY_PHASE_STRIP = NO;
				DEBUG_INFORMATION_FORMAT = "dwarf-with-dsym";
				ENABLE_NS_ASSERTIONS = NO;
				ENABLE_STRICT_OBJC_MSGSEND = YES;
				GCC_C_LANGUAGE_STANDARD = gnu11;
				GCC_NO_COMMON_BLOCKS = YES;
				GCC_WARN_64_TO_32_BIT_CONVERSION = YES;
				GCC_WARN_ABOUT_RETURN_TYPE = YES_ERROR;
				GCC_WARN_UNDECLARED_SELECTOR = YES;
				GCC_WARN_UNINITIALIZED_AUTOS = YES_AGGRESSIVE;
				GCC_WARN_UNUSED_FUNCTION = YES;
				GCC_WARN_UNUSED_VARIABLE = YES;
				IPHONEOS_DEPLOYMENT_TARGET = 13.1;
				MTL_ENABLE_DEBUG_INFO = NO;
				MTL_FAST_MATH = YES;
				SDKROOT = iphoneos;
				SWIFT_COMPILATION_MODE = wholemodule;
				SWIFT_OPTIMIZATION_LEVEL = "-O";
				VALIDATE_PRODUCT = YES;
			};
			name = Release;
		};
		2C6A599A249D83FF00B206C7 /* Debug */ = {
			isa = XCBuildConfiguration;
			baseConfigurationReference = 461F725C2CA55AA974B6848B /* Pods-Calen.debug.xcconfig */;
			buildSettings = {
				ASSETCATALOG_COMPILER_APPICON_NAME = AppIcon;
				CODE_SIGN_STYLE = Automatic;
				CURRENT_PROJECT_VERSION = 1.0.1;
				DEVELOPMENT_TEAM = 4F569WU965;
				INFOPLIST_FILE = "$(SRCROOT)/Calen/Info.plist";
				IPHONEOS_DEPLOYMENT_TARGET = 13.6;
				LD_RUNPATH_SEARCH_PATHS = (
					"$(inherited)",
					"@executable_path/Frameworks",
				);
				MARKETING_VERSION = 1.0.1;
				PRODUCT_BUNDLE_IDENTIFIER = jp.techacademy.tomohiro.suda.Calen;
				PRODUCT_NAME = "$(TARGET_NAME)";
				SWIFT_VERSION = 5.0;
				TARGETED_DEVICE_FAMILY = 1;
			};
			name = Debug;
		};
		2C6A599B249D83FF00B206C7 /* Release */ = {
			isa = XCBuildConfiguration;
			baseConfigurationReference = 2645751455222C4C78D72167 /* Pods-Calen.release.xcconfig */;
			buildSettings = {
				ASSETCATALOG_COMPILER_APPICON_NAME = AppIcon;
				CODE_SIGN_STYLE = Automatic;
				CURRENT_PROJECT_VERSION = 1.0.1;
				DEVELOPMENT_TEAM = 4F569WU965;
				INFOPLIST_FILE = "$(SRCROOT)/Calen/Info.plist";
				IPHONEOS_DEPLOYMENT_TARGET = 13.6;
				LD_RUNPATH_SEARCH_PATHS = (
					"$(inherited)",
					"@executable_path/Frameworks",
				);
				MARKETING_VERSION = 1.0.1;
				PRODUCT_BUNDLE_IDENTIFIER = jp.techacademy.tomohiro.suda.Calen;
				PRODUCT_NAME = "$(TARGET_NAME)";
				SWIFT_VERSION = 5.0;
				TARGETED_DEVICE_FAMILY = 1;
			};
			name = Release;
		};
/* End XCBuildConfiguration section */

/* Begin XCConfigurationList section */
		2C6A5980249D83FE00B206C7 /* Build configuration list for PBXProject "Calen" */ = {
			isa = XCConfigurationList;
			buildConfigurations = (
				2C6A5997249D83FF00B206C7 /* Debug */,
				2C6A5998249D83FF00B206C7 /* Release */,
			);
			defaultConfigurationIsVisible = 0;
			defaultConfigurationName = Release;
		};
		2C6A5999249D83FF00B206C7 /* Build configuration list for PBXNativeTarget "Calen" */ = {
			isa = XCConfigurationList;
			buildConfigurations = (
				2C6A599A249D83FF00B206C7 /* Debug */,
				2C6A599B249D83FF00B206C7 /* Release */,
			);
			defaultConfigurationIsVisible = 0;
			defaultConfigurationName = Release;
		};
/* End XCConfigurationList section */
	};
	rootObject = 2C6A597D249D83FE00B206C7 /* Project object */;
}
