// !$*UTF8*$!
{
	archiveVersion = 1;
	classes = {
	};
	objectVersion = 51;
	objects = {

/* Begin PBXBuildFile section */
		2C0B612224A56A150005AF60 /* OneViewController.swift in Sources */ = {isa = PBXBuildFile; fileRef = 2C0B612124A56A150005AF60 /* OneViewController.swift */; };
		2C0B612424A578A00005AF60 /* dayViewController.swift in Sources */ = {isa = PBXBuildFile; fileRef = 2C0B612324A578A00005AF60 /* dayViewController.swift */; };
		2C0B612624A57ED30005AF60 /* dataViewController.swift in Sources */ = {isa = PBXBuildFile; fileRef = 2C0B612524A57ED30005AF60 /* dataViewController.swift */; };
		2C0B612824A57F760005AF60 /* playViewController.swift in Sources */ = {isa = PBXBuildFile; fileRef = 2C0B612724A57F760005AF60 /* playViewController.swift */; };
		2C6A5989249D83FE00B206C7 /* AppDelegate.swift in Sources */ = {isa = PBXBuildFile; fileRef = 2C6A5988249D83FE00B206C7 /* AppDelegate.swift */; };
		2C6A598B249D83FE00B206C7 /* SceneDelegate.swift in Sources */ = {isa = PBXBuildFile; fileRef = 2C6A598A249D83FE00B206C7 /* SceneDelegate.swift */; };
		2C6A598D249D83FE00B206C7 /* ViewController.swift in Sources */ = {isa = PBXBuildFile; fileRef = 2C6A598C249D83FE00B206C7 /* ViewController.swift */; };
		2C6A5990249D83FE00B206C7 /* Main.storyboard in Resources */ = {isa = PBXBuildFile; fileRef = 2C6A598E249D83FE00B206C7 /* Main.storyboard */; };
		2C6A5992249D83FF00B206C7 /* Assets.xcassets in Resources */ = {isa = PBXBuildFile; fileRef = 2C6A5991249D83FF00B206C7 /* Assets.xcassets */; };
		2C6A5995249D83FF00B206C7 /* LaunchScreen.storyboard in Resources */ = {isa = PBXBuildFile; fileRef = 2C6A5993249D83FF00B206C7 /* LaunchScreen.storyboard */; };
		2C74104424A55ABB000CA5A8 /* task.swift in Sources */ = {isa = PBXBuildFile; fileRef = 2C74104324A55ABB000CA5A8 /* task.swift */; };
		EDF4FFEE37CBB4EEC489E03C /* Pods_Caren.framework in Frameworks */ = {isa = PBXBuildFile; fileRef = 0ADAE7D88A0A8F20889246A7 /* Pods_Caren.framework */; };
/* End PBXBuildFile section */

/* Begin PBXFileReference section */
		0ADAE7D88A0A8F20889246A7 /* Pods_Caren.framework */ = {isa = PBXFileReference; explicitFileType = wrapper.framework; includeInIndex = 0; path = Pods_Caren.framework; sourceTree = BUILT_PRODUCTS_DIR; };
		2C0B612124A56A150005AF60 /* OneViewController.swift */ = {isa = PBXFileReference; lastKnownFileType = sourcecode.swift; path = OneViewController.swift; sourceTree = "<group>"; };
		2C0B612324A578A00005AF60 /* dayViewController.swift */ = {isa = PBXFileReference; lastKnownFileType = sourcecode.swift; path = dayViewController.swift; sourceTree = "<group>"; };
		2C0B612524A57ED30005AF60 /* dataViewController.swift */ = {isa = PBXFileReference; lastKnownFileType = sourcecode.swift; path = dataViewController.swift; sourceTree = "<group>"; };
		2C0B612724A57F760005AF60 /* playViewController.swift */ = {isa = PBXFileReference; lastKnownFileType = sourcecode.swift; path = playViewController.swift; sourceTree = "<group>"; };
		2C6A5985249D83FE00B206C7 /* Caren.app */ = {isa = PBXFileReference; explicitFileType = wrapper.application; includeInIndex = 0; path = Caren.app; sourceTree = BUILT_PRODUCTS_DIR; };
		2C6A5988249D83FE00B206C7 /* AppDelegate.swift */ = {isa = PBXFileReference; lastKnownFileType = sourcecode.swift; path = AppDelegate.swift; sourceTree = "<group>"; };
		2C6A598A249D83FE00B206C7 /* SceneDelegate.swift */ = {isa = PBXFileReference; lastKnownFileType = sourcecode.swift; path = SceneDelegate.swift; sourceTree = "<group>"; };
		2C6A598C249D83FE00B206C7 /* ViewController.swift */ = {isa = PBXFileReference; lastKnownFileType = sourcecode.swift; path = ViewController.swift; sourceTree = "<group>"; };
		2C6A598F249D83FE00B206C7 /* Base */ = {isa = PBXFileReference; lastKnownFileType = file.storyboard; name = Base; path = Base.lproj/Main.storyboard; sourceTree = "<group>"; };
		2C6A5991249D83FF00B206C7 /* Assets.xcassets */ = {isa = PBXFileReference; lastKnownFileType = folder.assetcatalog; path = Assets.xcassets; sourceTree = "<group>"; };
		2C6A5994249D83FF00B206C7 /* Base */ = {isa = PBXFileReference; lastKnownFileType = file.storyboard; name = Base; path = Base.lproj/LaunchScreen.storyboard; sourceTree = "<group>"; };
		2C6A5996249D83FF00B206C7 /* Info.plist */ = {isa = PBXFileReference; lastKnownFileType = text.plist.xml; path = Info.plist; sourceTree = "<group>"; };
		2C74104324A55ABB000CA5A8 /* task.swift */ = {isa = PBXFileReference; lastKnownFileType = sourcecode.swift; path = task.swift; sourceTree = "<group>"; };
		3751C1598958255700B92D9C /* Pods-Caren.release.xcconfig */ = {isa = PBXFileReference; includeInIndex = 1; lastKnownFileType = text.xcconfig; name = "Pods-Caren.release.xcconfig"; path = "Target Support Files/Pods-Caren/Pods-Caren.release.xcconfig"; sourceTree = "<group>"; };
		C7B709E0E87C28A6F2542DC3 /* Pods-Caren.debug.xcconfig */ = {isa = PBXFileReference; includeInIndex = 1; lastKnownFileType = text.xcconfig; name = "Pods-Caren.debug.xcconfig"; path = "Target Support Files/Pods-Caren/Pods-Caren.debug.xcconfig"; sourceTree = "<group>"; };
/* End PBXFileReference section */

/* Begin PBXFrameworksBuildPhase section */
		2C6A5982249D83FE00B206C7 /* Frameworks */ = {
			isa = PBXFrameworksBuildPhase;
			buildActionMask = 2147483647;
			files = (
				EDF4FFEE37CBB4EEC489E03C /* Pods_Caren.framework in Frameworks */,
			);
			runOnlyForDeploymentPostprocessing = 0;
		};
/* End PBXFrameworksBuildPhase section */

/* Begin PBXGroup section */
		2C6A597C249D83FE00B206C7 = {
			isa = PBXGroup;
			children = (
				2C6A5987249D83FE00B206C7 /* Caren */,
				2C6A5986249D83FE00B206C7 /* Products */,
				4F361AC0E3C87782AD2232F7 /* Pods */,
				76BA9BE9A7AF4BFECA22D81C /* Frameworks */,
			);
			sourceTree = "<group>";
		};
		2C6A5986249D83FE00B206C7 /* Products */ = {
			isa = PBXGroup;
			children = (
				2C6A5985249D83FE00B206C7 /* Caren.app */,
			);
			name = Products;
			sourceTree = "<group>";
		};
		2C6A5987249D83FE00B206C7 /* Caren */ = {
			isa = PBXGroup;
			children = (
				2C6A5988249D83FE00B206C7 /* AppDelegate.swift */,
				2C6A598A249D83FE00B206C7 /* SceneDelegate.swift */,
				2C74104324A55ABB000CA5A8 /* task.swift */,
				2C6A598C249D83FE00B206C7 /* ViewController.swift */,
				2C0B612724A57F760005AF60 /* playViewController.swift */,
				2C0B612324A578A00005AF60 /* dayViewController.swift */,
				2C0B612124A56A150005AF60 /* OneViewController.swift */,
				2C6A598E249D83FE00B206C7 /* Main.storyboard */,
				2C6A5991249D83FF00B206C7 /* Assets.xcassets */,
				2C6A5993249D83FF00B206C7 /* LaunchScreen.storyboard */,
				2C6A5996249D83FF00B206C7 /* Info.plist */,
				2C0B612524A57ED30005AF60 /* dataViewController.swift */,
			);
			path = Caren;
			sourceTree = "<group>";
		};
		4F361AC0E3C87782AD2232F7 /* Pods */ = {
			isa = PBXGroup;
			children = (
				C7B709E0E87C28A6F2542DC3 /* Pods-Caren.debug.xcconfig */,
				3751C1598958255700B92D9C /* Pods-Caren.release.xcconfig */,
			);
			path = Pods;
			sourceTree = "<group>";
		};
		76BA9BE9A7AF4BFECA22D81C /* Frameworks */ = {
			isa = PBXGroup;
			children = (
				0ADAE7D88A0A8F20889246A7 /* Pods_Caren.framework */,
			);
			name = Frameworks;
			sourceTree = "<group>";
		};
/* End PBXGroup section */

/* Begin PBXNativeTarget section */
		2C6A5984249D83FE00B206C7 /* Caren */ = {
			isa = PBXNativeTarget;
			buildConfigurationList = 2C6A5999249D83FF00B206C7 /* Build configuration list for PBXNativeTarget "Caren" */;
			buildPhases = (
				EEE9DDE5CF17AC4031322AA4 /* [CP] Check Pods Manifest.lock */,
				2C6A5981249D83FE00B206C7 /* Sources */,
				2C6A5982249D83FE00B206C7 /* Frameworks */,
				2C6A5983249D83FE00B206C7 /* Resources */,
				CBBE56EA18B572F44DE0A9D9 /* [CP] Embed Pods Frameworks */,
			);
			buildRules = (
			);
			dependencies = (
			);
			name = Caren;
			productName = Caren;
			productReference = 2C6A5985249D83FE00B206C7 /* Caren.app */;
			productType = "com.apple.product-type.application";
		};
/* End PBXNativeTarget section */

/* Begin PBXProject section */
		2C6A597D249D83FE00B206C7 /* Project object */ = {
			isa = PBXProject;
			attributes = {
				LastSwiftUpdateCheck = 1110;
				LastUpgradeCheck = 1110;
				ORGANIZATIONNAME = tomohiro.suda;
				TargetAttributes = {
					2C6A5984249D83FE00B206C7 = {
						CreatedOnToolsVersion = 11.1;
					};
				};
			};
			buildConfigurationList = 2C6A5980249D83FE00B206C7 /* Build configuration list for PBXProject "Caren" */;
			compatibilityVersion = "Xcode 9.3";
			developmentRegion = en;
			hasScannedForEncodings = 0;
			knownRegions = (
				en,
				Base,
			);
			mainGroup = 2C6A597C249D83FE00B206C7;
			productRefGroup = 2C6A5986249D83FE00B206C7 /* Products */;
			projectDirPath = "";
			projectRoot = "";
			targets = (
				2C6A5984249D83FE00B206C7 /* Caren */,
			);
		};
/* End PBXProject section */

/* Begin PBXResourcesBuildPhase section */
		2C6A5983249D83FE00B206C7 /* Resources */ = {
			isa = PBXResourcesBuildPhase;
			buildActionMask = 2147483647;
			files = (
				2C6A5995249D83FF00B206C7 /* LaunchScreen.storyboard in Resources */,
				2C6A5992249D83FF00B206C7 /* Assets.xcassets in Resources */,
				2C6A5990249D83FE00B206C7 /* Main.storyboard in Resources */,
			);
			runOnlyForDeploymentPostprocessing = 0;
		};
/* End PBXResourcesBuildPhase section */

/* Begin PBXShellScriptBuildPhase section */
		CBBE56EA18B572F44DE0A9D9 /* [CP] Embed Pods Frameworks */ = {
			isa = PBXShellScriptBuildPhase;
			buildActionMask = 2147483647;
			files = (
			);
			inputFileListPaths = (
				"${PODS_ROOT}/Target Support Files/Pods-Caren/Pods-Caren-frameworks-${CONFIGURATION}-input-files.xcfilelist",
			);
			name = "[CP] Embed Pods Frameworks";
			outputFileListPaths = (
				"${PODS_ROOT}/Target Support Files/Pods-Caren/Pods-Caren-frameworks-${CONFIGURATION}-output-files.xcfilelist",
			);
			runOnlyForDeploymentPostprocessing = 0;
			shellPath = /bin/sh;
			shellScript = "\"${PODS_ROOT}/Target Support Files/Pods-Caren/Pods-Caren-frameworks.sh\"\n";
			showEnvVarsInLog = 0;
		};
		EEE9DDE5CF17AC4031322AA4 /* [CP] Check Pods Manifest.lock */ = {
			isa = PBXShellScriptBuildPhase;
			buildActionMask = 2147483647;
			files = (
			);
			inputFileListPaths = (
			);
			inputPaths = (
				"${PODS_PODFILE_DIR_PATH}/Podfile.lock",
				"${PODS_ROOT}/Manifest.lock",
			);
			name = "[CP] Check Pods Manifest.lock";
			outputFileListPaths = (
			);
			outputPaths = (
				"$(DERIVED_FILE_DIR)/Pods-Caren-checkManifestLockResult.txt",
			);
			runOnlyForDeploymentPostprocessing = 0;
			shellPath = /bin/sh;
			shellScript = "diff \"${PODS_PODFILE_DIR_PATH}/Podfile.lock\" \"${PODS_ROOT}/Manifest.lock\" > /dev/null\nif [ $? != 0 ] ; then\n    # print error to STDERR\n    echo \"error: The sandbox is not in sync with the Podfile.lock. Run 'pod install' or update your CocoaPods installation.\" >&2\n    exit 1\nfi\n# This output is used by Xcode 'outputs' to avoid re-running this script phase.\necho \"SUCCESS\" > \"${SCRIPT_OUTPUT_FILE_0}\"\n";
			showEnvVarsInLog = 0;
		};
/* End PBXShellScriptBuildPhase section */

/* Begin PBXSourcesBuildPhase section */
		2C6A5981249D83FE00B206C7 /* Sources */ = {
			isa = PBXSourcesBuildPhase;
			buildActionMask = 2147483647;
			files = (
				2C0B612824A57F760005AF60 /* playViewController.swift in Sources */,
				2C74104424A55ABB000CA5A8 /* task.swift in Sources */,
				2C0B612424A578A00005AF60 /* dayViewController.swift in Sources */,
				2C0B612224A56A150005AF60 /* OneViewController.swift in Sources */,
				2C0B612624A57ED30005AF60 /* dataViewController.swift in Sources */,
				2C6A598D249D83FE00B206C7 /* ViewController.swift in Sources */,
				2C6A5989249D83FE00B206C7 /* AppDelegate.swift in Sources */,
				2C6A598B249D83FE00B206C7 /* SceneDelegate.swift in Sources */,
			);
			runOnlyForDeploymentPostprocessing = 0;
		};
/* End PBXSourcesBuildPhase section */

/* Begin PBXVariantGroup section */
		2C6A598E249D83FE00B206C7 /* Main.storyboard */ = {
			isa = PBXVariantGroup;
			children = (
				2C6A598F249D83FE00B206C7 /* Base */,
			);
			name = Main.storyboard;
			sourceTree = "<group>";
		};
		2C6A5993249D83FF00B206C7 /* LaunchScreen.storyboard */ = {
			isa = PBXVariantGroup;
			children = (
				2C6A5994249D83FF00B206C7 /* Base */,
			);
			name = LaunchScreen.storyboard;
			sourceTree = "<group>";
		};
/* End PBXVariantGroup section */

/* Begin XCBuildConfiguration section */
		2C6A5997249D83FF00B206C7 /* Debug */ = {
			isa = XCBuildConfiguration;
			buildSettings = {
				ALWAYS_SEARCH_USER_PATHS = NO;
				CLANG_ANALYZER_NONNULL = YES;
				CLANG_ANALYZER_NUMBER_OBJECT_CONVERSION = YES_AGGRESSIVE;
				CLANG_CXX_LANGUAGE_STANDARD = "gnu++14";
				CLANG_CXX_LIBRARY = "libc++";
				CLANG_ENABLE_MODULES = YES;
				CLANG_ENABLE_OBJC_ARC = YES;
				CLANG_ENABLE_OBJC_WEAK = YES;
				CLANG_WARN_BLOCK_CAPTURE_AUTORELEASING = YES;
				CLANG_WARN_BOOL_CONVERSION = YES;
				CLANG_WARN_COMMA = YES;
				CLANG_WARN_CONSTANT_CONVERSION = YES;
				CLANG_WARN_DEPRECATED_OBJC_IMPLEMENTATIONS = YES;
				CLANG_WARN_DIRECT_OBJC_ISA_USAGE = YES_ERROR;
				CLANG_WARN_DOCUMENTATION_COMMENTS = YES;
				CLANG_WARN_EMPTY_BODY = YES;
				CLANG_WARN_ENUM_CONVERSION = YES;
				CLANG_WARN_INFINITE_RECURSION = YES;
				CLANG_WARN_INT_CONVERSION = YES;
				CLANG_WARN_NON_LITERAL_NULL_CONVERSION = YES;
				CLANG_WARN_OBJC_IMPLICIT_RETAIN_SELF = YES;
				CLANG_WARN_OBJC_LITERAL_CONVERSION = YES;
				CLANG_WARN_OBJC_ROOT_CLASS = YES_ERROR;
				CLANG_WARN_RANGE_LOOP_ANALYSIS = YES;
				CLANG_WARN_STRICT_PROTOTYPES = YES;
				CLANG_WARN_SUSPICIOUS_MOVE = YES;
				CLANG_WARN_UNGUARDED_AVAILABILITY = YES_AGGRESSIVE;
				CLANG_WARN_UNREACHABLE_CODE = YES;
				CLANG_WARN__DUPLICATE_METHOD_MATCH = YES;
				COPY_PHASE_STRIP = NO;
				DEBUG_INFORMATION_FORMAT = dwarf;
				ENABLE_STRICT_OBJC_MSGSEND = YES;
				ENABLE_TESTABILITY = YES;
				GCC_C_LANGUAGE_STANDARD = gnu11;
				GCC_DYNAMIC_NO_PIC = NO;
				GCC_NO_COMMON_BLOCKS = YES;
				GCC_OPTIMIZATION_LEVEL = 0;
				GCC_PREPROCESSOR_DEFINITIONS = (
					"DEBUG=1",
					"$(inherited)",
				);
				GCC_WARN_64_TO_32_BIT_CONVERSION = YES;
				GCC_WARN_ABOUT_RETURN_TYPE = YES_ERROR;
				GCC_WARN_UNDECLARED_SELECTOR = YES;
				GCC_WARN_UNINITIALIZED_AUTOS = YES_AGGRESSIVE;
				GCC_WARN_UNUSED_FUNCTION = YES;
				GCC_WARN_UNUSED_VARIABLE = YES;
				IPHONEOS_DEPLOYMENT_TARGET = 13.1;
				MTL_ENABLE_DEBUG_INFO = INCLUDE_SOURCE;
				MTL_FAST_MATH = YES;
				ONLY_ACTIVE_ARCH = YES;
				SDKROOT = iphoneos;
				SWIFT_ACTIVE_COMPILATION_CONDITIONS = DEBUG;
				SWIFT_OPTIMIZATION_LEVEL = "-Onone";
			};
			name = Debug;
		};
		2C6A5998249D83FF00B206C7 /* Release */ = {
			isa = XCBuildConfiguration;
			buildSettings = {
				ALWAYS_SEARCH_USER_PATHS = NO;
				CLANG_ANALYZER_NONNULL = YES;
				CLANG_ANALYZER_NUMBER_OBJECT_CONVERSION = YES_AGGRESSIVE;
				CLANG_CXX_LANGUAGE_STANDARD = "gnu++14";
				CLANG_CXX_LIBRARY = "libc++";
				CLANG_ENABLE_MODULES = YES;
				CLANG_ENABLE_OBJC_ARC = YES;
				CLANG_ENABLE_OBJC_WEAK = YES;
				CLANG_WARN_BLOCK_CAPTURE_AUTORELEASING = YES;
				CLANG_WARN_BOOL_CONVERSION = YES;
				CLANG_WARN_COMMA = YES;
				CLANG_WARN_CONSTANT_CONVERSION = YES;
				CLANG_WARN_DEPRECATED_OBJC_IMPLEMENTATIONS = YES;
				CLANG_WARN_DIRECT_OBJC_ISA_USAGE = YES_ERROR;
				CLANG_WARN_DOCUMENTATION_COMMENTS = YES;
				CLANG_WARN_EMPTY_BODY = YES;
				CLANG_WARN_ENUM_CONVERSION = YES;
				CLANG_WARN_INFINITE_RECURSION = YES;
				CLANG_WARN_INT_CONVERSION = YES;
				CLANG_WARN_NON_LITERAL_NULL_CONVERSION = YES;
				CLANG_WARN_OBJC_IMPLICIT_RETAIN_SELF = YES;
				CLANG_WARN_OBJC_LITERAL_CONVERSION = YES;
				CLANG_WARN_OBJC_ROOT_CLASS = YES_ERROR;
				CLANG_WARN_RANGE_LOOP_ANALYSIS = YES;
				CLANG_WARN_STRICT_PROTOTYPES = YES;
				CLANG_WARN_SUSPICIOUS_MOVE = YES;
				CLANG_WARN_UNGUARDED_AVAILABILITY = YES_AGGRESSIVE;
				CLANG_WARN_UNREACHABLE_CODE = YES;
				CLANG_WARN__DUPLICATE_METHOD_MATCH = YES;
				COPY_PHASE_STRIP = NO;
				DEBUG_INFORMATION_FORMAT = "dwarf-with-dsym";
				ENABLE_NS_ASSERTIONS = NO;
				ENABLE_STRICT_OBJC_MSGSEND = YES;
				GCC_C_LANGUAGE_STANDARD = gnu11;
				GCC_NO_COMMON_BLOCKS = YES;
				GCC_WARN_64_TO_32_BIT_CONVERSION = YES;
				GCC_WARN_ABOUT_RETURN_TYPE = YES_ERROR;
				GCC_WARN_UNDECLARED_SELECTOR = YES;
				GCC_WARN_UNINITIALIZED_AUTOS = YES_AGGRESSIVE;
				GCC_WARN_UNUSED_FUNCTION = YES;
				GCC_WARN_UNUSED_VARIABLE = YES;
				IPHONEOS_DEPLOYMENT_TARGET = 13.1;
				MTL_ENABLE_DEBUG_INFO = NO;
				MTL_FAST_MATH = YES;
				SDKROOT = iphoneos;
				SWIFT_COMPILATION_MODE = wholemodule;
				SWIFT_OPTIMIZATION_LEVEL = "-O";
				VALIDATE_PRODUCT = YES;
			};
			name = Release;
		};
		2C6A599A249D83FF00B206C7 /* Debug */ = {
			isa = XCBuildConfiguration;
			baseConfigurationReference = C7B709E0E87C28A6F2542DC3 /* Pods-Caren.debug.xcconfig */;
			buildSettings = {
				ASSETCATALOG_COMPILER_APPICON_NAME = AppIcon;
				CODE_SIGN_STYLE = Automatic;
				INFOPLIST_FILE = Caren/Info.plist;
				LD_RUNPATH_SEARCH_PATHS = (
					"$(inherited)",
					"@executable_path/Frameworks",
				);
				PRODUCT_BUNDLE_IDENTIFIER = jp.techacademy.tomohiro.suda.Caren;
				PRODUCT_NAME = "$(TARGET_NAME)";
				SWIFT_VERSION = 5.0;
				TARGETED_DEVICE_FAMILY = "1,2";
			};
			name = Debug;
		};
		2C6A599B249D83FF00B206C7 /* Release */ = {
			isa = XCBuildConfiguration;
			baseConfigurationReference = 3751C1598958255700B92D9C /* Pods-Caren.release.xcconfig */;
			buildSettings = {
				ASSETCATALOG_COMPILER_APPICON_NAME = AppIcon;
				CODE_SIGN_STYLE = Automatic;
				INFOPLIST_FILE = Caren/Info.plist;
				LD_RUNPATH_SEARCH_PATHS = (
					"$(inherited)",
					"@executable_path/Frameworks",
				);
				PRODUCT_BUNDLE_IDENTIFIER = jp.techacademy.tomohiro.suda.Caren;
				PRODUCT_NAME = "$(TARGET_NAME)";
				SWIFT_VERSION = 5.0;
				TARGETED_DEVICE_FAMILY = "1,2";
			};
			name = Release;
		};
/* End XCBuildConfiguration section */

/* Begin XCConfigurationList section */
		2C6A5980249D83FE00B206C7 /* Build configuration list for PBXProject "Caren" */ = {
			isa = XCConfigurationList;
			buildConfigurations = (
				2C6A5997249D83FF00B206C7 /* Debug */,
				2C6A5998249D83FF00B206C7 /* Release */,
			);
			defaultConfigurationIsVisible = 0;
			defaultConfigurationName = Release;
		};
		2C6A5999249D83FF00B206C7 /* Build configuration list for PBXNativeTarget "Caren" */ = {
			isa = XCConfigurationList;
			buildConfigurations = (
				2C6A599A249D83FF00B206C7 /* Debug */,
				2C6A599B249D83FF00B206C7 /* Release */,
			);
			defaultConfigurationIsVisible = 0;
			defaultConfigurationName = Release;
		};
/* End XCConfigurationList section */
	};
	rootObject = 2C6A597D249D83FE00B206C7 /* Project object */;
}
